
Microsoft Visual Studio Solution File, Format Version 12.00
# Visual Studio Version 17
VisualStudioVersion = 17.9.34728.123
MinimumVisualStudioVersion = 10.0.40219.1
Project("{9A19103F-16F7-4668-BE54-9A1E7A4F7556}") = "Portfolio", "Portfolio.csproj", "{FEE0DD92-8957-4661-A40A-241DD119D54B}"
EndProject
Global
	GlobalSection(SolutionConfigurationPlatforms) = preSolution
		Debug|Any CPU = Debug|Any CPU
		Release|Any CPU = Release|Any CPU
	EndGlobalSection
	GlobalSection(ProjectConfigurationPlatforms) = postSolution
		{FEE0DD92-8957-4661-A40A-241DD119D54B}.Debug|Any CPU.ActiveCfg = Debug|Any CPU
		{FEE0DD92-8957-4661-A40A-241DD119D54B}.Debug|Any CPU.Build.0 = Debug|Any CPU
		{FEE0DD92-8957-4661-A40A-241DD119D54B}.Release|Any CPU.ActiveCfg = Release|Any CPU
		{FEE0DD92-8957-4661-A40A-241DD119D54B}.Release|Any CPU.Build.0 = Release|Any CPU
	EndGlobalSection
	GlobalSection(SolutionProperties) = preSolution
		HideSolutionNode = FALSE
	EndGlobalSection
	GlobalSection(ExtensibilityGlobals) = postSolution
		SolutionGuid = {66F3A922-F3BF-4674-862E-C44F1D356D67}
	EndGlobalSection
EndGlobal
